<?xml version="1.0" encoding="utf-8"?>
<Project ToolsVersion="4.0" xmlns="http://schemas.microsoft.com/developer/msbuild/2003">
  <ItemGroup>
    <ClInclude Include="Main.h">
      <Filter>01.Engine</Filter>
    </ClInclude>
    <ClInclude Include="targetver.h">
      <Filter>99.Headers\Default</Filter>
    </ClInclude>
    <ClInclude Include="framework.h">
      <Filter>99.Headers\Default</Filter>
    </ClInclude>
    <ClInclude Include="Resource.h">
      <Filter>99.Headers\Default</Filter>
    </ClInclude>
    <ClInclude Include="pch.h">
      <Filter>99.Headers</Filter>
    </ClInclude>
    <ClInclude Include="Engine.h">
      <Filter>01.Engine</Filter>
    </ClInclude>
    <ClInclude Include="Types.h">
      <Filter>99.Headers</Filter>
    </ClInclude>
    <ClInclude Include="Macro.h">
      <Filter>99.Headers</Filter>
    </ClInclude>
    <ClInclude Include="WindowsApp.h">
      <Filter>02.Windows</Filter>
    </ClInclude>
    <ClInclude Include="Structs.h">
      <Filter>99.Headers</Filter>
    </ClInclude>
    <ClInclude Include="GameTimer.h">
      <Filter>03.System</Filter>
    </ClInclude>
    <ClInclude Include="Renderer.h">
      <Filter>03.System</Filter>
    </ClInclude>
    <ClInclude Include="WindowsUtile.h">
      <Filter>02.Windows</Filter>
    </ClInclude>
    <ClInclude Include="WindowsProc.h">
      <Filter>02.Windows\WindowProc</Filter>
    </ClInclude>
    <ClInclude Include="InputManager.h">
      <Filter>03.System</Filter>
    </ClInclude>
    <ClInclude Include="Enums.h">
      <Filter>99.Headers</Filter>
    </ClInclude>
    <ClInclude Include="ResourceManager.h">
      <Filter>03.System</Filter>
    </ClInclude>
    <ClInclude Include="Font.h">
      <Filter>08.Resource\Font</Filter>
    </ClInclude>
    <ClInclude Include="BufferPool.h">
      <Filter>99.Headers\Utility</Filter>
    </ClInclude>
    <ClInclude Include="Algorithm.h">
      <Filter>99.Headers\Utility</Filter>
    </ClInclude>
    <ClInclude Include="ShaderIncludeHelper.h">
      <Filter>99.Headers\Utility\DirectX</Filter>
    </ClInclude>
    <ClInclude Include="SimpleMathAdv.h">
      <Filter>99.Headers\Utility\Math</Filter>
    </ClInclude>
    <ClInclude Include="Vertex.h">
      <Filter>07.RenderModules</Filter>
    </ClInclude>
    <ClInclude Include="ContantBuffers.h">
      <Filter>07.RenderModules</Filter>
    </ClInclude>
    <ClInclude Include="Material.h">
      <Filter>07.RenderModules</Filter>
    </ClInclude>
    <ClInclude Include="Mesh.h">
      <Filter>07.RenderModules</Filter>
    </ClInclude>
    <ClInclude Include="Effect.h">
      <Filter>07.RenderModules</Filter>
    </ClInclude>
    <ClInclude Include="RenderState.h">
      <Filter>07.RenderModules</Filter>
    </ClInclude>
    <ClInclude Include="EngineConfig.h">
      <Filter>01.Engine</Filter>
    </ClInclude>
    <ClInclude Include="CTransform.h">
      <Filter>06.GameModules\Attribute</Filter>
    </ClInclude>
    <ClInclude Include="CircularArray.h">
      <Filter>99.Headers\Utility\Container</Filter>
    </ClInclude>
    <ClInclude Include="SortedVector.h">
      <Filter>99.Headers\Utility\Container</Filter>
    </ClInclude>
    <ClInclude Include="CAttribute.h">
      <Filter>06.GameModules\Abstract</Filter>
    </ClInclude>
    <ClInclude Include="Component.h">
      <Filter>06.GameModules\Abstract</Filter>
    </ClInclude>
    <ClInclude Include="CMeshRenderer.h">
      <Filter>06.GameModules\Attribute</Filter>
    </ClInclude>
    <ClInclude Include="TypeTrait.h">
      <Filter>99.Headers\Utility</Filter>
    </ClInclude>
    <ClInclude Include="SceneManager.h">
      <Filter>03.System</Filter>
    </ClInclude>
    <ClInclude Include="DevScene.h">
      <Filter>04.GameScene\Concrete</Filter>
    </ClInclude>
    <ClInclude Include="Scene.h">
      <Filter>04.GameScene\Abstract</Filter>
    </ClInclude>
    <ClInclude Include="CBehavior.h">
      <Filter>06.GameModules\Abstract</Filter>
    </ClInclude>
    <ClInclude Include="GameObject.h">
      <Filter>05.GameObject\Abstract</Filter>
    </ClInclude>
    <ClInclude Include="CLight.h">
      <Filter>06.GameModules\Attribute\Light</Filter>
    </ClInclude>
    <ClInclude Include="CCamera.h">
      <Filter>06.GameModules\Attribute</Filter>
    </ClInclude>
    <ClInclude Include="FastCompVector.h">
      <Filter>99.Headers\Utility\Container</Filter>
    </ClInclude>
    <ClInclude Include="CameraObject.h">
      <Filter>05.GameObject\Concrete</Filter>
    </ClInclude>
    <ClInclude Include="Name.h">
      <Filter>99.Headers\ID</Filter>
    </ClInclude>
    <ClInclude Include="CKeyInput.h">
      <Filter>06.GameModules\Behavior</Filter>
    </ClInclude>
    <ClInclude Include="Array.h">
      <Filter>99.Headers\Utility\Container</Filter>
    </ClInclude>
    <ClInclude Include="Pawn.h">
      <Filter>05.GameObject\Concrete</Filter>
    </ClInclude>
  </ItemGroup>
  <ItemGroup>
    <Image Include="MyD3DFramework.ico">
      <Filter>99.Headers\Default</Filter>
    </Image>
    <Image Include="small.ico">
      <Filter>99.Headers\Default</Filter>
    </Image>
  </ItemGroup>
  <ItemGroup>
    <Filter Include="01.Engine">
      <UniqueIdentifier>{c4f3486f-e732-4ad3-8640-3e7683ef1888}</UniqueIdentifier>
    </Filter>
    <Filter Include="99.Headers">
      <UniqueIdentifier>{8908cae2-f285-4880-8fff-9a8a45709086}</UniqueIdentifier>
    </Filter>
    <Filter Include="99.Headers\Default">
      <UniqueIdentifier>{70612464-c309-4d75-a211-c867405d9bf0}</UniqueIdentifier>
    </Filter>
    <Filter Include="02.Windows">
      <UniqueIdentifier>{fd47494b-142e-425a-b6df-8f48a6fd19d7}</UniqueIdentifier>
    </Filter>
    <Filter Include="02.Windows\WindowProc">
      <UniqueIdentifier>{88749dda-40c1-432b-b215-a32832f2a45d}</UniqueIdentifier>
    </Filter>
    <Filter Include="99.Headers\Utility">
      <UniqueIdentifier>{ead7b941-b6e4-4b56-b500-97f7286bbee9}</UniqueIdentifier>
    </Filter>
    <Filter Include="99.Headers\Utility\DirectX">
      <UniqueIdentifier>{64994a64-867c-43a8-90f9-af23a013e5ed}</UniqueIdentifier>
    </Filter>
    <Filter Include="99.Headers\Utility\Math">
      <UniqueIdentifier>{30d3bf42-960a-4cce-8dad-e28db940d889}</UniqueIdentifier>
    </Filter>
    <Filter Include="07.RenderModules">
      <UniqueIdentifier>{8221b782-8374-4d33-a989-eefa5ba9118e}</UniqueIdentifier>
    </Filter>
    <Filter Include="07.RenderModules\Shader">
      <UniqueIdentifier>{7c882b67-ef5c-4f3a-8ff7-8297a4597a0f}</UniqueIdentifier>
    </Filter>
    <Filter Include="07.RenderModules\Shader\Transform">
      <UniqueIdentifier>{6590a010-c3a0-4c41-917f-59de16ae2aa9}</UniqueIdentifier>
    </Filter>
    <Filter Include="07.RenderModules\Shader\Light+Trans">
      <UniqueIdentifier>{b0a1ee0e-148b-4071-bc56-413b7f1bf831}</UniqueIdentifier>
    </Filter>
    <Filter Include="05.GameObject">
      <UniqueIdentifier>{feb580ef-5ac5-4dee-a760-4cdf7ba495ac}</UniqueIdentifier>
    </Filter>
    <Filter Include="03.System">
      <UniqueIdentifier>{e694dfbf-7c2f-41f5-a6e2-f99bacfd50f0}</UniqueIdentifier>
    </Filter>
    <Filter Include="05.GameObject\Abstract">
      <UniqueIdentifier>{019bfbe2-d4d1-4c30-b135-2d85daf87400}</UniqueIdentifier>
    </Filter>
    <Filter Include="06.GameModules">
      <UniqueIdentifier>{f8036edb-80a5-431c-942d-468ffcdd0835}</UniqueIdentifier>
    </Filter>
    <Filter Include="06.GameModules\Attribute">
      <UniqueIdentifier>{5faf1144-6109-4cfb-91c9-c08b07756cfc}</UniqueIdentifier>
    </Filter>
    <Filter Include="99.Headers\Utility\Container">
      <UniqueIdentifier>{209fc5c4-5031-4bbe-a1a0-9a35a929ce23}</UniqueIdentifier>
    </Filter>
    <Filter Include="05.GameObject\Concrete">
      <UniqueIdentifier>{a1ef300d-f231-43fd-be55-4510bebc31a4}</UniqueIdentifier>
    </Filter>
    <Filter Include="06.GameModules\Abstract">
      <UniqueIdentifier>{12cad8e6-eddd-4c97-a2c3-78ae78c2af62}</UniqueIdentifier>
    </Filter>
    <Filter Include="06.GameModules\Behavior">
      <UniqueIdentifier>{aef79aa2-bad6-4122-9d08-b5e65d462a52}</UniqueIdentifier>
    </Filter>
    <Filter Include="06.GameModules\Attribute\Light">
      <UniqueIdentifier>{0f0c2a6a-e08d-42d1-8513-7efb53aea42e}</UniqueIdentifier>
    </Filter>
    <Filter Include="04.GameScene">
      <UniqueIdentifier>{0e1a8674-65c9-481c-b799-4c5e89457b52}</UniqueIdentifier>
    </Filter>
    <Filter Include="08.Resource">
      <UniqueIdentifier>{c40b9c7d-1f7d-4644-92fb-5c8828997fd5}</UniqueIdentifier>
    </Filter>
    <Filter Include="08.Resource\Font">
      <UniqueIdentifier>{424c54d0-28eb-4ed3-8552-db2c7301f8a5}</UniqueIdentifier>
    </Filter>
    <Filter Include="04.GameScene\Abstract">
      <UniqueIdentifier>{1f3b69c9-397b-448f-b684-0453653c5705}</UniqueIdentifier>
    </Filter>
    <Filter Include="04.GameScene\Concrete">
      <UniqueIdentifier>{4b8b861d-a73a-47a5-a9fb-4049e7fa9a88}</UniqueIdentifier>
    </Filter>
    <Filter Include="99.Headers\ID">
      <UniqueIdentifier>{2817ad6f-a9d4-440a-ad51-3ef1ee88246e}</UniqueIdentifier>
    </Filter>
  </ItemGroup>
  <ItemGroup>
    <ClCompile Include="Main.cpp">
      <Filter>01.Engine</Filter>
    </ClCompile>
    <ClCompile Include="pch.cpp">
      <Filter>99.Headers</Filter>
    </ClCompile>
    <ClCompile Include="Engine.cpp">
      <Filter>01.Engine</Filter>
    </ClCompile>
    <ClCompile Include="WindowsApp.cpp">
      <Filter>02.Windows</Filter>
    </ClCompile>
    <ClCompile Include="GameTimer.cpp">
      <Filter>03.System</Filter>
    </ClCompile>
    <ClCompile Include="Renderer.cpp">
      <Filter>03.System</Filter>
    </ClCompile>
    <ClCompile Include="WindowsUtile.cpp">
      <Filter>02.Windows</Filter>
    </ClCompile>
    <ClCompile Include="WindowsProc.cpp">
      <Filter>02.Windows\WindowProc</Filter>
    </ClCompile>
    <ClCompile Include="Structs.cpp">
      <Filter>99.Headers</Filter>
    </ClCompile>
    <ClCompile Include="InputManager.cpp">
      <Filter>03.System</Filter>
    </ClCompile>
    <ClCompile Include="ResourceManager.cpp">
      <Filter>03.System</Filter>
    </ClCompile>
    <ClCompile Include="Font.cpp">
      <Filter>08.Resource\Font</Filter>
    </ClCompile>
    <ClCompile Include="BufferPool.cpp">
      <Filter>99.Headers\Utility</Filter>
    </ClCompile>
    <ClCompile Include="Algorithm.cpp">
      <Filter>99.Headers\Utility</Filter>
    </ClCompile>
    <ClCompile Include="ShaderIncludeHelper.cpp">
      <Filter>99.Headers\Utility\DirectX</Filter>
    </ClCompile>
    <ClCompile Include="SimpleMathAdv.cpp">
      <Filter>99.Headers\Utility\Math</Filter>
    </ClCompile>
    <ClCompile Include="Vertex.cpp">
      <Filter>07.RenderModules</Filter>
    </ClCompile>
    <ClCompile Include="ContantBuffers.cpp">
      <Filter>07.RenderModules</Filter>
    </ClCompile>
    <ClCompile Include="Material.cpp">
      <Filter>07.RenderModules</Filter>
    </ClCompile>
    <ClCompile Include="Mesh.cpp">
      <Filter>07.RenderModules</Filter>
    </ClCompile>
    <ClCompile Include="Effect.cpp">
      <Filter>07.RenderModules</Filter>
    </ClCompile>
    <ClCompile Include="RenderState.cpp">
      <Filter>07.RenderModules</Filter>
    </ClCompile>
    <ClCompile Include="CTransform.cpp">
      <Filter>06.GameModules\Attribute</Filter>
    </ClCompile>
    <ClCompile Include="CircularArray.cpp">
      <Filter>99.Headers\Utility\Container</Filter>
    </ClCompile>
    <ClCompile Include="SortedVector.cpp">
      <Filter>99.Headers\Utility\Container</Filter>
    </ClCompile>
    <ClCompile Include="CAttribute.cpp">
      <Filter>06.GameModules\Abstract</Filter>
    </ClCompile>
    <ClCompile Include="Component.cpp">
      <Filter>06.GameModules\Abstract</Filter>
    </ClCompile>
    <ClCompile Include="CMeshRenderer.cpp">
      <Filter>06.GameModules\Attribute</Filter>
    </ClCompile>
    <ClCompile Include="TypeTrait.cpp">
      <Filter>99.Headers\Utility</Filter>
    </ClCompile>
    <ClCompile Include="SceneManager.cpp">
      <Filter>03.System</Filter>
    </ClCompile>
    <ClCompile Include="Scene.cpp">
      <Filter>04.GameScene\Abstract</Filter>
    </ClCompile>
    <ClCompile Include="DevScene.cpp">
      <Filter>04.GameScene\Concrete</Filter>
    </ClCompile>
    <ClCompile Include="CBehavior.cpp">
      <Filter>06.GameModules\Abstract</Filter>
    </ClCompile>
    <ClCompile Include="GameObject.cpp">
      <Filter>05.GameObject\Abstract</Filter>
    </ClCompile>
    <ClCompile Include="CLight.cpp">
      <Filter>06.GameModules\Attribute\Light</Filter>
    </ClCompile>
    <ClCompile Include="CCamera.cpp">
      <Filter>06.GameModules\Attribute</Filter>
    </ClCompile>
    <ClCompile Include="FastCompVector.cpp">
      <Filter>99.Headers\Utility\Container</Filter>
    </ClCompile>
    <ClCompile Include="CameraObject.cpp">
      <Filter>05.GameObject\Concrete</Filter>
    </ClCompile>
    <ClCompile Include="Name.cpp">
      <Filter>99.Headers\ID</Filter>
    </ClCompile>
    <ClCompile Include="CKeyInput.cpp">
      <Filter>06.GameModules\Behavior</Filter>
    </ClCompile>
    <ClCompile Include="Array.cpp">
      <Filter>99.Headers\Utility\Container</Filter>
    </ClCompile>
    <ClCompile Include="Pawn.cpp">
      <Filter>05.GameObject\Concrete</Filter>
    </ClCompile>
  </ItemGroup>
  <ItemGroup>
    <ResourceCompile Include="MyD3DFramework.rc">
      <Filter>99.Headers\Default</Filter>
    </ResourceCompile>
  </ItemGroup>
  <ItemGroup>
    <None Include="cpp.hint">
      <Filter>99.Headers</Filter>
    </None>
    <None Include="..\.gitignore">
      <Filter>99.Headers</Filter>
    </None>
    <None Include="packages.config">
      <Filter>99.Headers\Default</Filter>
    </None>
    <None Include="ShaderHeader.hlsli">
      <Filter>07.RenderModules\Shader</Filter>
    </None>
    <None Include="ObjectRepo Optimize Steragy.txt" />
  </ItemGroup>
  <ItemGroup>
    <FxCompile Include="SimpleVertexShader.hlsl">
      <Filter>07.RenderModules\Shader\Transform</Filter>
    </FxCompile>
    <FxCompile Include="SimplePixelShader.hlsl">
      <Filter>07.RenderModules\Shader\Transform</Filter>
    </FxCompile>
    <FxCompile Include="LightVertexShader.hlsl">
      <Filter>07.RenderModules\Shader\Light+Trans</Filter>
    </FxCompile>
    <FxCompile Include="LightPixelShader.hlsl">
      <Filter>07.RenderModules\Shader\Light+Trans</Filter>
    </FxCompile>
  </ItemGroup>
</Project>