<?xml version="1.0" encoding="utf-8"?>
<Project ToolsVersion="4.0" xmlns="http://schemas.microsoft.com/developer/msbuild/2003">
  <ItemGroup>
    <ClInclude Include="Main.h">
      <Filter>01.Engine</Filter>
    </ClInclude>
    <ClInclude Include="targetver.h">
      <Filter>99.Headers\Default</Filter>
    </ClInclude>
    <ClInclude Include="framework.h">
      <Filter>99.Headers\Default</Filter>
    </ClInclude>
    <ClInclude Include="Resource.h">
      <Filter>99.Headers\Default</Filter>
    </ClInclude>
    <ClInclude Include="pch.h">
      <Filter>99.Headers</Filter>
    </ClInclude>
    <ClInclude Include="Engine.h">
      <Filter>01.Engine</Filter>
    </ClInclude>
    <ClInclude Include="Types.h">
      <Filter>99.Headers</Filter>
    </ClInclude>
    <ClInclude Include="Macro.h">
      <Filter>99.Headers</Filter>
    </ClInclude>
    <ClInclude Include="WindowsApp.h">
      <Filter>02.Windows</Filter>
    </ClInclude>
    <ClInclude Include="Structs.h">
      <Filter>99.Headers</Filter>
    </ClInclude>
    <ClInclude Include="GameTimer.h">
      <Filter>03.Module</Filter>
    </ClInclude>
    <ClInclude Include="Renderer.h">
      <Filter>03.Module</Filter>
    </ClInclude>
    <ClInclude Include="WindowsUtile.h">
      <Filter>02.Windows</Filter>
    </ClInclude>
    <ClInclude Include="WindowsProc.h">
      <Filter>02.Windows\WindowProc</Filter>
    </ClInclude>
    <ClInclude Include="InputManager.h">
      <Filter>03.Module</Filter>
    </ClInclude>
    <ClInclude Include="Enums.h">
      <Filter>99.Headers</Filter>
    </ClInclude>
    <ClInclude Include="ResourceManager.h">
      <Filter>03.Module</Filter>
    </ClInclude>
    <ClInclude Include="Font.h">
      <Filter>04.Resource\Font</Filter>
    </ClInclude>
    <ClInclude Include="BufferPool.h">
      <Filter>99.Headers\Utility</Filter>
    </ClInclude>
    <ClInclude Include="Algorithm.h">
      <Filter>99.Headers\Utility</Filter>
    </ClInclude>
    <ClInclude Include="ShaderIncludeHelper.h">
      <Filter>99.Headers\Utility\DirectX</Filter>
    </ClInclude>
    <ClInclude Include="SimpleMathAdv.h">
      <Filter>99.Headers\Utility\Math</Filter>
    </ClInclude>
    <ClInclude Include="Transform.h">
      <Filter>06.RenderModules</Filter>
    </ClInclude>
    <ClInclude Include="Vertex.h">
      <Filter>06.RenderModules</Filter>
    </ClInclude>
    <ClInclude Include="ContantBuffers.h">
      <Filter>06.RenderModules</Filter>
    </ClInclude>
    <ClInclude Include="Material.h">
      <Filter>06.RenderModules</Filter>
    </ClInclude>
    <ClInclude Include="Mesh.h">
      <Filter>06.RenderModules</Filter>
    </ClInclude>
    <ClInclude Include="Effect.h">
      <Filter>06.RenderModules</Filter>
    </ClInclude>
    <ClInclude Include="RenderState.h">
      <Filter>06.RenderModules</Filter>
    </ClInclude>
    <ClInclude Include="RenderableObject.h">
      <Filter>05.Object\Private</Filter>
    </ClInclude>
    <ClInclude Include="IGameObject.h">
      <Filter>05.Object\Private</Filter>
    </ClInclude>
    <ClInclude Include="Pawn.h">
      <Filter>05.Object\Game</Filter>
    </ClInclude>
    <ClInclude Include="EngineConfig.h">
      <Filter>01.Engine</Filter>
    </ClInclude>
    <ClInclude Include="LightObject.h">
      <Filter>05.Object\Private\Light</Filter>
    </ClInclude>
    <ClInclude Include="LightStruct.h">
      <Filter>06.RenderModules</Filter>
    </ClInclude>
  </ItemGroup>
  <ItemGroup>
    <Image Include="MyD3DFramework.ico">
      <Filter>99.Headers\Default</Filter>
    </Image>
    <Image Include="small.ico">
      <Filter>99.Headers\Default</Filter>
    </Image>
  </ItemGroup>
  <ItemGroup>
    <Filter Include="01.Engine">
      <UniqueIdentifier>{c4f3486f-e732-4ad3-8640-3e7683ef1888}</UniqueIdentifier>
    </Filter>
    <Filter Include="99.Headers">
      <UniqueIdentifier>{8908cae2-f285-4880-8fff-9a8a45709086}</UniqueIdentifier>
    </Filter>
    <Filter Include="99.Headers\Default">
      <UniqueIdentifier>{70612464-c309-4d75-a211-c867405d9bf0}</UniqueIdentifier>
    </Filter>
    <Filter Include="02.Windows">
      <UniqueIdentifier>{fd47494b-142e-425a-b6df-8f48a6fd19d7}</UniqueIdentifier>
    </Filter>
    <Filter Include="03.Module">
      <UniqueIdentifier>{e694dfbf-7c2f-41f5-a6e2-f99bacfd50f0}</UniqueIdentifier>
    </Filter>
    <Filter Include="02.Windows\WindowProc">
      <UniqueIdentifier>{88749dda-40c1-432b-b215-a32832f2a45d}</UniqueIdentifier>
    </Filter>
    <Filter Include="04.Resource">
      <UniqueIdentifier>{c40b9c7d-1f7d-4644-92fb-5c8828997fd5}</UniqueIdentifier>
    </Filter>
    <Filter Include="04.Resource\Font">
      <UniqueIdentifier>{424c54d0-28eb-4ed3-8552-db2c7301f8a5}</UniqueIdentifier>
    </Filter>
    <Filter Include="99.Headers\Utility">
      <UniqueIdentifier>{ead7b941-b6e4-4b56-b500-97f7286bbee9}</UniqueIdentifier>
    </Filter>
    <Filter Include="99.Headers\Utility\DirectX">
      <UniqueIdentifier>{64994a64-867c-43a8-90f9-af23a013e5ed}</UniqueIdentifier>
    </Filter>
    <Filter Include="99.Headers\Utility\Math">
      <UniqueIdentifier>{30d3bf42-960a-4cce-8dad-e28db940d889}</UniqueIdentifier>
    </Filter>
    <Filter Include="05.Object">
      <UniqueIdentifier>{feb580ef-5ac5-4dee-a760-4cdf7ba495ac}</UniqueIdentifier>
    </Filter>
    <Filter Include="06.RenderModules">
      <UniqueIdentifier>{8221b782-8374-4d33-a989-eefa5ba9118e}</UniqueIdentifier>
    </Filter>
    <Filter Include="06.RenderModules\Shader">
      <UniqueIdentifier>{7c882b67-ef5c-4f3a-8ff7-8297a4597a0f}</UniqueIdentifier>
    </Filter>
    <Filter Include="06.RenderModules\Shader\Transform">
      <UniqueIdentifier>{6590a010-c3a0-4c41-917f-59de16ae2aa9}</UniqueIdentifier>
    </Filter>
    <Filter Include="06.RenderModules\Shader\Light+Trans">
      <UniqueIdentifier>{b0a1ee0e-148b-4071-bc56-413b7f1bf831}</UniqueIdentifier>
    </Filter>
    <Filter Include="05.Object\Game">
      <UniqueIdentifier>{d8dc1dab-e9bc-4a61-8b95-cc67975a42bb}</UniqueIdentifier>
    </Filter>
    <Filter Include="05.Object\Private">
      <UniqueIdentifier>{fd4c0937-7d46-41a6-ac8d-cbc9007bbb50}</UniqueIdentifier>
    </Filter>
    <Filter Include="05.Object\Private\Light">
      <UniqueIdentifier>{e68cf528-f3e8-4481-9202-32034a11a4f2}</UniqueIdentifier>
    </Filter>
  </ItemGroup>
  <ItemGroup>
    <ClCompile Include="Main.cpp">
      <Filter>01.Engine</Filter>
    </ClCompile>
    <ClCompile Include="pch.cpp">
      <Filter>99.Headers</Filter>
    </ClCompile>
    <ClCompile Include="Engine.cpp">
      <Filter>01.Engine</Filter>
    </ClCompile>
    <ClCompile Include="WindowsApp.cpp">
      <Filter>02.Windows</Filter>
    </ClCompile>
    <ClCompile Include="GameTimer.cpp">
      <Filter>03.Module</Filter>
    </ClCompile>
    <ClCompile Include="Renderer.cpp">
      <Filter>03.Module</Filter>
    </ClCompile>
    <ClCompile Include="WindowsUtile.cpp">
      <Filter>02.Windows</Filter>
    </ClCompile>
    <ClCompile Include="WindowsProc.cpp">
      <Filter>02.Windows\WindowProc</Filter>
    </ClCompile>
    <ClCompile Include="Structs.cpp">
      <Filter>99.Headers</Filter>
    </ClCompile>
    <ClCompile Include="InputManager.cpp">
      <Filter>03.Module</Filter>
    </ClCompile>
    <ClCompile Include="ResourceManager.cpp">
      <Filter>03.Module</Filter>
    </ClCompile>
    <ClCompile Include="Font.cpp">
      <Filter>04.Resource\Font</Filter>
    </ClCompile>
    <ClCompile Include="BufferPool.cpp">
      <Filter>99.Headers\Utility</Filter>
    </ClCompile>
    <ClCompile Include="Algorithm.cpp">
      <Filter>99.Headers\Utility</Filter>
    </ClCompile>
    <ClCompile Include="ShaderIncludeHelper.cpp">
      <Filter>99.Headers\Utility\DirectX</Filter>
    </ClCompile>
    <ClCompile Include="SimpleMathAdv.cpp">
      <Filter>99.Headers\Utility\Math</Filter>
    </ClCompile>
    <ClCompile Include="Transform.cpp">
      <Filter>06.RenderModules</Filter>
    </ClCompile>
    <ClCompile Include="Vertex.cpp">
      <Filter>06.RenderModules</Filter>
    </ClCompile>
    <ClCompile Include="ContantBuffers.cpp">
      <Filter>06.RenderModules</Filter>
    </ClCompile>
    <ClCompile Include="Material.cpp">
      <Filter>06.RenderModules</Filter>
    </ClCompile>
    <ClCompile Include="Mesh.cpp">
      <Filter>06.RenderModules</Filter>
    </ClCompile>
    <ClCompile Include="Effect.cpp">
      <Filter>06.RenderModules</Filter>
    </ClCompile>
    <ClCompile Include="RenderState.cpp">
      <Filter>06.RenderModules</Filter>
    </ClCompile>
    <ClCompile Include="IGameObject.cpp">
      <Filter>05.Object\Private</Filter>
    </ClCompile>
    <ClCompile Include="RenderableObject.cpp">
      <Filter>05.Object\Private</Filter>
    </ClCompile>
    <ClCompile Include="Pawn.cpp">
      <Filter>05.Object\Game</Filter>
    </ClCompile>
    <ClCompile Include="LightObject.cpp">
      <Filter>05.Object\Private\Light</Filter>
    </ClCompile>
    <ClCompile Include="LightStruct.cpp">
      <Filter>06.RenderModules</Filter>
    </ClCompile>
  </ItemGroup>
  <ItemGroup>
    <ResourceCompile Include="MyD3DFramework.rc">
      <Filter>99.Headers\Default</Filter>
    </ResourceCompile>
  </ItemGroup>
  <ItemGroup>
    <None Include="cpp.hint">
      <Filter>99.Headers</Filter>
    </None>
    <None Include="..\.gitignore">
      <Filter>99.Headers</Filter>
    </None>
    <None Include="packages.config">
      <Filter>99.Headers\Default</Filter>
    </None>
    <None Include="ShaderHeader.hlsli">
      <Filter>06.RenderModules\Shader</Filter>
    </None>
  </ItemGroup>
  <ItemGroup>
    <FxCompile Include="SimpleVertexShader.hlsl">
      <Filter>06.RenderModules\Shader\Transform</Filter>
    </FxCompile>
    <FxCompile Include="SimplePixelShader.hlsl">
      <Filter>06.RenderModules\Shader\Transform</Filter>
    </FxCompile>
    <FxCompile Include="LightVertexShader.hlsl">
      <Filter>06.RenderModules\Shader\Light+Trans</Filter>
    </FxCompile>
    <FxCompile Include="LightPixelShader.hlsl">
      <Filter>06.RenderModules\Shader\Light+Trans</Filter>
    </FxCompile>
  </ItemGroup>
</Project>